Microsoft Visual Studio Solution File, Format Version 12.00
# Visual Studio Version 17
VisualStudioVersion = 17.5.2.0
MinimumVisualStudioVersion = 10.0.40219.1
Project("{FAE04EC0-301F-11D3-BF4B-00C04F79EFBC}") = "AndricT", "AndricT.csproj", "{B3785D70-655A-B43E-9B8E-AEAE7123C659}"
EndProject
Global
	GlobalSection(SolutionConfigurationPlatforms) = preSolution
		Debug|Any CPU = Debug|Any CPU
		Release|Any CPU = Release|Any CPU
	EndGlobalSection
	GlobalSection(ProjectConfigurationPlatforms) = postSolution
		{B3785D70-655A-B43E-9B8E-AEAE7123C659}.Debug|Any CPU.ActiveCfg = Debug|Any CPU
		{B3785D70-655A-B43E-9B8E-AEAE7123C659}.Debug|Any CPU.Build.0 = Debug|Any CPU
		{B3785D70-655A-B43E-9B8E-AEAE7123C659}.Release|Any CPU.ActiveCfg = Release|Any CPU
		{B3785D70-655A-B43E-9B8E-AEAE7123C659}.Release|Any CPU.Build.0 = Release|Any CPU
	EndGlobalSection
	GlobalSection(SolutionProperties) = preSolution
		HideSolutionNode = FALSE
	EndGlobalSection
	GlobalSection(ExtensibilityGlobals) = postSolution
		SolutionGuid = {3C44D6C9-ED45-4E11-83A0-A6C78DEF281E}
	EndGlobalSection
EndGlobal
