
Microsoft Visual Studio Solution File, Format Version 12.00
# Visual Studio Version 17
VisualStudioVersion = 17.5.2.0
MinimumVisualStudioVersion = 10.0.40219.1
Project("{FAE04EC0-301F-11D3-BF4B-00C04F79EFBC}") = "AndricT", "AndricT.csproj", "{B3785D70-655A-B43E-9B8E-AEAE7123C659}"
EndProject
Project("{FAE04EC0-301F-11D3-BF4B-00C04F79EFBC}") = "AndricT.Tests", "..\AndricT.Tests\AndricT.Tests.csproj", "{F9C2E88C-60E3-4D82-A10A-A95BB4DCB8D0}"
EndProject
Global
	GlobalSection(SolutionConfigurationPlatforms) = preSolution
		Debug|Any CPU = Debug|Any CPU
		Debug|x64 = Debug|x64
		Debug|x86 = Debug|x86
		Release|Any CPU = Release|Any CPU
		Release|x64 = Release|x64
		Release|x86 = Release|x86
	EndGlobalSection
	GlobalSection(ProjectConfigurationPlatforms) = postSolution
		{B3785D70-655A-B43E-9B8E-AEAE7123C659}.Debug|Any CPU.ActiveCfg = Debug|Any CPU
		{B3785D70-655A-B43E-9B8E-AEAE7123C659}.Debug|Any CPU.Build.0 = Debug|Any CPU
		{B3785D70-655A-B43E-9B8E-AEAE7123C659}.Debug|x64.ActiveCfg = Debug|Any CPU
		{B3785D70-655A-B43E-9B8E-AEAE7123C659}.Debug|x64.Build.0 = Debug|Any CPU
		{B3785D70-655A-B43E-9B8E-AEAE7123C659}.Debug|x86.ActiveCfg = Debug|Any CPU
		{B3785D70-655A-B43E-9B8E-AEAE7123C659}.Debug|x86.Build.0 = Debug|Any CPU
		{B3785D70-655A-B43E-9B8E-AEAE7123C659}.Release|Any CPU.ActiveCfg = Release|Any CPU
		{B3785D70-655A-B43E-9B8E-AEAE7123C659}.Release|Any CPU.Build.0 = Release|Any CPU
		{B3785D70-655A-B43E-9B8E-AEAE7123C659}.Release|x64.ActiveCfg = Release|Any CPU
		{B3785D70-655A-B43E-9B8E-AEAE7123C659}.Release|x64.Build.0 = Release|Any CPU
		{B3785D70-655A-B43E-9B8E-AEAE7123C659}.Release|x86.ActiveCfg = Release|Any CPU
		{B3785D70-655A-B43E-9B8E-AEAE7123C659}.Release|x86.Build.0 = Release|Any CPU
		{F9C2E88C-60E3-4D82-A10A-A95BB4DCB8D0}.Debug|Any CPU.ActiveCfg = Debug|Any CPU
		{F9C2E88C-60E3-4D82-A10A-A95BB4DCB8D0}.Debug|Any CPU.Build.0 = Debug|Any CPU
		{F9C2E88C-60E3-4D82-A10A-A95BB4DCB8D0}.Debug|x64.ActiveCfg = Debug|Any CPU
		{F9C2E88C-60E3-4D82-A10A-A95BB4DCB8D0}.Debug|x64.Build.0 = Debug|Any CPU
		{F9C2E88C-60E3-4D82-A10A-A95BB4DCB8D0}.Debug|x86.ActiveCfg = Debug|Any CPU
		{F9C2E88C-60E3-4D82-A10A-A95BB4DCB8D0}.Debug|x86.Build.0 = Debug|Any CPU
		{F9C2E88C-60E3-4D82-A10A-A95BB4DCB8D0}.Release|Any CPU.ActiveCfg = Release|Any CPU
		{F9C2E88C-60E3-4D82-A10A-A95BB4DCB8D0}.Release|Any CPU.Build.0 = Release|Any CPU
		{F9C2E88C-60E3-4D82-A10A-A95BB4DCB8D0}.Release|x64.ActiveCfg = Release|Any CPU
		{F9C2E88C-60E3-4D82-A10A-A95BB4DCB8D0}.Release|x64.Build.0 = Release|Any CPU
		{F9C2E88C-60E3-4D82-A10A-A95BB4DCB8D0}.Release|x86.ActiveCfg = Release|Any CPU
		{F9C2E88C-60E3-4D82-A10A-A95BB4DCB8D0}.Release|x86.Build.0 = Release|Any CPU
	EndGlobalSection
	GlobalSection(SolutionProperties) = preSolution
		HideSolutionNode = FALSE
	EndGlobalSection
	GlobalSection(ExtensibilityGlobals) = postSolution
		SolutionGuid = {3C44D6C9-ED45-4E11-83A0-A6C78DEF281E}
	EndGlobalSection
EndGlobal
